
Microsoft Visual Studio Solution File, Format Version 12.00
# Visual Studio Version 17
VisualStudioVersion = 17.5.33424.131
MinimumVisualStudioVersion = 10.0.40219.1
Project("{9A19103F-16F7-4668-BE54-9A1E7A4F7556}") = "SteamTradeBot.Backend", "Backend\SteamTradeBot.Backend\SteamTradeBot.Backend.csproj", "{BE8C2804-92B2-43FA-8BAD-A74DE7891FC3}"
EndProject
Project("{2150E333-8FDC-42A3-9474-1A3956D46DE8}") = "Backend", "Backend", "{118D2C99-58BA-47FA-81A9-E0147A6745D2}"
EndProject
Project("{2150E333-8FDC-42A3-9474-1A3956D46DE8}") = "Frontend", "Frontend", "{FDF058D7-7F01-4205-8672-D8BFC2EA2E3F}"
EndProject
Project("{2150E333-8FDC-42A3-9474-1A3956D46DE8}") = "Desktop", "Desktop", "{B8B170E3-856D-4593-9DFD-22B5F3A75771}"
EndProject
Project("{2150E333-8FDC-42A3-9474-1A3956D46DE8}") = "Web", "Web", "{8D5CD004-93BB-4171-9D19-1851DC13EF8B}"
EndProject
Project("{9A19103F-16F7-4668-BE54-9A1E7A4F7556}") = "SteamTradeBot.Web", "Frontend\Web\SteamTradeBot.Web\SteamTradeBot.Web.csproj", "{804B381B-04F9-489D-9A43-FC8E19D209CD}"
EndProject
Project("{9A19103F-16F7-4668-BE54-9A1E7A4F7556}") = "SteamTradeBot.Desktop.Wpf", "Frontend\Desktop\SteamTradeBot.Desktop\SteamTradeBot.Desktop.Wpf.csproj", "{555AAAED-4278-4317-9F12-B9413F46342E}"
EndProject
Project("{9A19103F-16F7-4668-BE54-9A1E7A4F7556}") = "SteamTradeBot.Desktop.Winforms", "Frontend\Desktop\SteamTradeBot.Desktop.Winforms\SteamTradeBot.Desktop.Winforms.csproj", "{7F368734-327A-4057-8673-D7BA7FBB8508}"
EndProject
Global
	GlobalSection(SolutionConfigurationPlatforms) = preSolution
		Debug|Any CPU = Debug|Any CPU
		Release|Any CPU = Release|Any CPU
	EndGlobalSection
	GlobalSection(ProjectConfigurationPlatforms) = postSolution
		{BE8C2804-92B2-43FA-8BAD-A74DE7891FC3}.Debug|Any CPU.ActiveCfg = Debug|Any CPU
		{BE8C2804-92B2-43FA-8BAD-A74DE7891FC3}.Debug|Any CPU.Build.0 = Debug|Any CPU
		{BE8C2804-92B2-43FA-8BAD-A74DE7891FC3}.Release|Any CPU.ActiveCfg = Release|Any CPU
		{BE8C2804-92B2-43FA-8BAD-A74DE7891FC3}.Release|Any CPU.Build.0 = Release|Any CPU
		{804B381B-04F9-489D-9A43-FC8E19D209CD}.Debug|Any CPU.ActiveCfg = Debug|Any CPU
		{804B381B-04F9-489D-9A43-FC8E19D209CD}.Debug|Any CPU.Build.0 = Debug|Any CPU
		{804B381B-04F9-489D-9A43-FC8E19D209CD}.Release|Any CPU.ActiveCfg = Release|Any CPU
		{804B381B-04F9-489D-9A43-FC8E19D209CD}.Release|Any CPU.Build.0 = Release|Any CPU
		{555AAAED-4278-4317-9F12-B9413F46342E}.Debug|Any CPU.ActiveCfg = Debug|Any CPU
		{555AAAED-4278-4317-9F12-B9413F46342E}.Debug|Any CPU.Build.0 = Debug|Any CPU
		{555AAAED-4278-4317-9F12-B9413F46342E}.Release|Any CPU.ActiveCfg = Release|Any CPU
		{555AAAED-4278-4317-9F12-B9413F46342E}.Release|Any CPU.Build.0 = Release|Any CPU
		{7F368734-327A-4057-8673-D7BA7FBB8508}.Debug|Any CPU.ActiveCfg = Debug|Any CPU
		{7F368734-327A-4057-8673-D7BA7FBB8508}.Debug|Any CPU.Build.0 = Debug|Any CPU
		{7F368734-327A-4057-8673-D7BA7FBB8508}.Release|Any CPU.ActiveCfg = Release|Any CPU
		{7F368734-327A-4057-8673-D7BA7FBB8508}.Release|Any CPU.Build.0 = Release|Any CPU
	EndGlobalSection
	GlobalSection(SolutionProperties) = preSolution
		HideSolutionNode = FALSE
	EndGlobalSection
	GlobalSection(NestedProjects) = preSolution
		{BE8C2804-92B2-43FA-8BAD-A74DE7891FC3} = {118D2C99-58BA-47FA-81A9-E0147A6745D2}
		{B8B170E3-856D-4593-9DFD-22B5F3A75771} = {FDF058D7-7F01-4205-8672-D8BFC2EA2E3F}
		{8D5CD004-93BB-4171-9D19-1851DC13EF8B} = {FDF058D7-7F01-4205-8672-D8BFC2EA2E3F}
		{804B381B-04F9-489D-9A43-FC8E19D209CD} = {8D5CD004-93BB-4171-9D19-1851DC13EF8B}
		{555AAAED-4278-4317-9F12-B9413F46342E} = {B8B170E3-856D-4593-9DFD-22B5F3A75771}
		{7F368734-327A-4057-8673-D7BA7FBB8508} = {B8B170E3-856D-4593-9DFD-22B5F3A75771}
	EndGlobalSection
	GlobalSection(ExtensibilityGlobals) = postSolution
		SolutionGuid = {22B12097-ADA2-4178-B53E-48C0A53FCD7F}
	EndGlobalSection
EndGlobal
