
Microsoft Visual Studio Solution File, Format Version 12.00
# Visual Studio Version 16
VisualStudioVersion = 16.0.30523.141
MinimumVisualStudioVersion = 10.0.40219.1
Project("{FAE04EC0-301F-11D3-BF4B-00C04F79EFBC}") = "TradeBot", "TradeBot.csproj", "{6C9537A8-D80A-410C-9659-200D0C22DACD}"
EndProject
Global
	GlobalSection(SolutionConfigurationPlatforms) = preSolution
		Debug|Any CPU = Debug|Any CPU
		Release|Any CPU = Release|Any CPU
	EndGlobalSection
	GlobalSection(ProjectConfigurationPlatforms) = postSolution
		{6C9537A8-D80A-410C-9659-200D0C22DACD}.Debug|Any CPU.ActiveCfg = Debug|Any CPU
		{6C9537A8-D80A-410C-9659-200D0C22DACD}.Debug|Any CPU.Build.0 = Debug|Any CPU
		{6C9537A8-D80A-410C-9659-200D0C22DACD}.Release|Any CPU.ActiveCfg = Release|Any CPU
		{6C9537A8-D80A-410C-9659-200D0C22DACD}.Release|Any CPU.Build.0 = Release|Any CPU
	EndGlobalSection
	GlobalSection(SolutionProperties) = preSolution
		HideSolutionNode = FALSE
	EndGlobalSection
	GlobalSection(ExtensibilityGlobals) = postSolution
		SolutionGuid = {B23C0861-07F9-4FA3-9569-1F7ABC01E564}
	EndGlobalSection
EndGlobal
